
Microsoft Visual Studio Solution File, Format Version 12.00
# Visual Studio 15
Project("{FAE04EC0-301F-11D3-BF4B-00C04F79EFBC}") = "migration", "migration.csproj", "{3DCB2364-ADA5-4F7A-AEDE-4C1ED746044B}"
EndProject
Global
	GlobalSection(SolutionConfigurationPlatforms) = preSolution
		Debug|Any CPU = Debug|Any CPU
		Release|Any CPU = Release|Any CPU
	EndGlobalSection
	GlobalSection(ProjectConfigurationPlatforms) = postSolution
		{3DCB2364-ADA5-4F7A-AEDE-4C1ED746044B}.Debug|Any CPU.ActiveCfg = Debug|Any CPU
		{3DCB2364-ADA5-4F7A-AEDE-4C1ED746044B}.Debug|Any CPU.Build.0 = Debug|Any CPU
		{3DCB2364-ADA5-4F7A-AEDE-4C1ED746044B}.Release|Any CPU.ActiveCfg = Release|Any CPU
		{3DCB2364-ADA5-4F7A-AEDE-4C1ED746044B}.Release|Any CPU.Build.0 = Release|Any CPU
	EndGlobalSection
EndGlobal
